// !$*UTF8*$!
{
	archiveVersion = 1;
	classes = {
	};
	objectVersion = 77;
	objects = {

/* Begin PBXBuildFile section */
		95F38E012F763017003DD120 /* CocoaLM in Frameworks */ = {isa = PBXBuildFile; productRef = 95F38E002F763017003DD120 /* CocoaLM */; };
		95F38E032F763097003DD120 /* qwen2.5-1.5b-instruct-q4_k_m.gguf in Resources */ = {isa = PBXBuildFile; fileRef = 95F38E022F763097003DD120 /* qwen2.5-1.5b-instruct-q4_k_m.gguf */; };
/* End PBXBuildFile section */

/* Begin PBXContainerItemProxy section */
		95F38DE32F762FC7003DD120 /* PBXContainerItemProxy */ = {
			isa = PBXContainerItemProxy;
			containerPortal = 95F38DCA2F762FC5003DD120 /* Project object */;
			proxyType = 1;
			remoteGlobalIDString = 95F38DD12F762FC5003DD120;
			remoteInfo = CocoaChat;
		};
		95F38DED2F762FC7003DD120 /* PBXContainerItemProxy */ = {
			isa = PBXContainerItemProxy;
			containerPortal = 95F38DCA2F762FC5003DD120 /* Project object */;
			proxyType = 1;
			remoteGlobalIDString = 95F38DD12F762FC5003DD120;
			remoteInfo = CocoaChat;
		};
/* End PBXContainerItemProxy section */

/* Begin PBXFileReference section */
		95F38DD22F762FC5003DD120 /* CocoaChat.app */ = {isa = PBXFileReference; explicitFileType = wrapper.application; includeInIndex = 0; path = CocoaChat.app; sourceTree = BUILT_PRODUCTS_DIR; };
		95F38DE22F762FC7003DD120 /* CocoaChatTests.xctest */ = {isa = PBXFileReference; explicitFileType = wrapper.cfbundle; includeInIndex = 0; path = CocoaChatTests.xctest; sourceTree = BUILT_PRODUCTS_DIR; };
		95F38DEC2F762FC7003DD120 /* CocoaChatUITests.xctest */ = {isa = PBXFileReference; explicitFileType = wrapper.cfbundle; includeInIndex = 0; path = CocoaChatUITests.xctest; sourceTree = BUILT_PRODUCTS_DIR; };
		95F38E022F763097003DD120 /* qwen2.5-1.5b-instruct-q4_k_m.gguf */ = {isa = PBXFileReference; lastKnownFileType = file; path = "qwen2.5-1.5b-instruct-q4_k_m.gguf"; sourceTree = "<group>"; };
/* End PBXFileReference section */

/* Begin PBXFileSystemSynchronizedRootGroup section */
		95F38DD42F762FC5003DD120 /* CocoaChat */ = {
			isa = PBXFileSystemSynchronizedRootGroup;
			path = CocoaChat;
			sourceTree = "<group>";
		};
		95F38DE52F762FC7003DD120 /* CocoaChatTests */ = {
			isa = PBXFileSystemSynchronizedRootGroup;
			path = CocoaChatTests;
			sourceTree = "<group>";
		};
		95F38DEF2F762FC7003DD120 /* CocoaChatUITests */ = {
			isa = PBXFileSystemSynchronizedRootGroup;
			path = CocoaChatUITests;
			sourceTree = "<group>";
		};
/* End PBXFileSystemSynchronizedRootGroup section */

/* Begin PBXFrameworksBuildPhase section */
		95F38DCF2F762FC5003DD120 /* Frameworks */ = {
			isa = PBXFrameworksBuildPhase;
			buildActionMask = 2147483647;
			files = (
				95F38E012F763017003DD120 /* CocoaLM in Frameworks */,
			);
			runOnlyForDeploymentPostprocessing = 0;
		};
		95F38DDF2F762FC7003DD120 /* Frameworks */ = {
			isa = PBXFrameworksBuildPhase;
			buildActionMask = 2147483647;
			files = (
			);
			runOnlyForDeploymentPostprocessing = 0;
		};
		95F38DE92F762FC7003DD120 /* Frameworks */ = {
			isa = PBXFrameworksBuildPhase;
			buildActionMask = 2147483647;
			files = (
			);
			runOnlyForDeploymentPostprocessing = 0;
		};
/* End PBXFrameworksBuildPhase section */

/* Begin PBXGroup section */
		95F38DC92F762FC5003DD120 = {
			isa = PBXGroup;
			children = (
				95F38DD42F762FC5003DD120 /* CocoaChat */,
				95F38DE52F762FC7003DD120 /* CocoaChatTests */,
				95F38DEF2F762FC7003DD120 /* CocoaChatUITests */,
				95F38DD32F762FC5003DD120 /* Products */,
				95F38E022F763097003DD120 /* qwen2.5-1.5b-instruct-q4_k_m.gguf */,
			);
			sourceTree = "<group>";
		};
		95F38DD32F762FC5003DD120 /* Products */ = {
			isa = PBXGroup;
			children = (
				95F38DD22F762FC5003DD120 /* CocoaChat.app */,
				95F38DE22F762FC7003DD120 /* CocoaChatTests.xctest */,
				95F38DEC2F762FC7003DD120 /* CocoaChatUITests.xctest */,
			);
			name = Products;
			sourceTree = "<group>";
		};
/* End PBXGroup section */

/* Begin PBXNativeTarget section */
		95F38DD12F762FC5003DD120 /* CocoaChat */ = {
			isa = PBXNativeTarget;
			buildConfigurationList = 95F38DF62F762FC7003DD120 /* Build configuration list for PBXNativeTarget "CocoaChat" */;
			buildPhases = (
				95F38DCE2F762FC5003DD120 /* Sources */,
				95F38DCF2F762FC5003DD120 /* Frameworks */,
				95F38DD02F762FC5003DD120 /* Resources */,
			);
			buildRules = (
			);
			dependencies = (
			);
			fileSystemSynchronizedGroups = (
				95F38DD42F762FC5003DD120 /* CocoaChat */,
			);
			name = CocoaChat;
			packageProductDependencies = (
				95F38E002F763017003DD120 /* CocoaLM */,
			);
			productName = CocoaChat;
			productReference = 95F38DD22F762FC5003DD120 /* CocoaChat.app */;
			productType = "com.apple.product-type.application";
		};
		95F38DE12F762FC7003DD120 /* CocoaChatTests */ = {
			isa = PBXNativeTarget;
			buildConfigurationList = 95F38DF92F762FC7003DD120 /* Build configuration list for PBXNativeTarget "CocoaChatTests" */;
			buildPhases = (
				95F38DDE2F762FC7003DD120 /* Sources */,
				95F38DDF2F762FC7003DD120 /* Frameworks */,
				95F38DE02F762FC7003DD120 /* Resources */,
			);
			buildRules = (
			);
			dependencies = (
				95F38DE42F762FC7003DD120 /* PBXTargetDependency */,
			);
			fileSystemSynchronizedGroups = (
				95F38DE52F762FC7003DD120 /* CocoaChatTests */,
			);
			name = CocoaChatTests;
			packageProductDependencies = (
			);
			productName = CocoaChatTests;
			productReference = 95F38DE22F762FC7003DD120 /* CocoaChatTests.xctest */;
			productType = "com.apple.product-type.bundle.unit-test";
		};
		95F38DEB2F762FC7003DD120 /* CocoaChatUITests */ = {
			isa = PBXNativeTarget;
			buildConfigurationList = 95F38DFC2F762FC7003DD120 /* Build configuration list for PBXNativeTarget "CocoaChatUITests" */;
			buildPhases = (
				95F38DE82F762FC7003DD120 /* Sources */,
				95F38DE92F762FC7003DD120 /* Frameworks */,
				95F38DEA2F762FC7003DD120 /* Resources */,
			);
			buildRules = (
			);
			dependencies = (
				95F38DEE2F762FC7003DD120 /* PBXTargetDependency */,
			);
			fileSystemSynchronizedGroups = (
				95F38DEF2F762FC7003DD120 /* CocoaChatUITests */,
			);
			name = CocoaChatUITests;
			packageProductDependencies = (
			);
			productName = CocoaChatUITests;
			productReference = 95F38DEC2F762FC7003DD120 /* CocoaChatUITests.xctest */;
			productType = "com.apple.product-type.bundle.ui-testing";
		};
/* End PBXNativeTarget section */

/* Begin PBXProject section */
		95F38DCA2F762FC5003DD120 /* Project object */ = {
			isa = PBXProject;
			attributes = {
				BuildIndependentTargetsInParallel = 1;
				LastSwiftUpdateCheck = 1600;
				LastUpgradeCheck = 1600;
				TargetAttributes = {
					95F38DD12F762FC5003DD120 = {
						CreatedOnToolsVersion = 16.0;
					};
					95F38DE12F762FC7003DD120 = {
						CreatedOnToolsVersion = 16.0;
						TestTargetID = 95F38DD12F762FC5003DD120;
					};
					95F38DEB2F762FC7003DD120 = {
						CreatedOnToolsVersion = 16.0;
						TestTargetID = 95F38DD12F762FC5003DD120;
					};
				};
			};
			buildConfigurationList = 95F38DCD2F762FC5003DD120 /* Build configuration list for PBXProject "CocoaChat" */;
			developmentRegion = en;
			hasScannedForEncodings = 0;
			knownRegions = (
				en,
				Base,
				es,
			);
			mainGroup = 95F38DC92F762FC5003DD120;
			minimizedProjectReferenceProxies = 1;
			packageReferences = (
				95F38DFF2F763017003DD120 /* XCRemoteSwiftPackageReference "CocoaLM" */,
			);
			preferredProjectObjectVersion = 77;
			productRefGroup = 95F38DD32F762FC5003DD120 /* Products */;
			projectDirPath = "";
			projectRoot = "";
			targets = (
				95F38DD12F762FC5003DD120 /* CocoaChat */,
				95F38DE12F762FC7003DD120 /* CocoaChatTests */,
				95F38DEB2F762FC7003DD120 /* CocoaChatUITests */,
			);
		};
/* End PBXProject section */

/* Begin PBXResourcesBuildPhase section */
		95F38DD02F762FC5003DD120 /* Resources */ = {
			isa = PBXResourcesBuildPhase;
			buildActionMask = 2147483647;
			files = (
				95F38E032F763097003DD120 /* qwen2.5-1.5b-instruct-q4_k_m.gguf in Resources */,
			);
			runOnlyForDeploymentPostprocessing = 0;
		};
		95F38DE02F762FC7003DD120 /* Resources */ = {
			isa = PBXResourcesBuildPhase;
			buildActionMask = 2147483647;
			files = (
			);
			runOnlyForDeploymentPostprocessing = 0;
		};
		95F38DEA2F762FC7003DD120 /* Resources */ = {
			isa = PBXResourcesBuildPhase;
			buildActionMask = 2147483647;
			files = (
			);
			runOnlyForDeploymentPostprocessing = 0;
		};
/* End PBXResourcesBuildPhase section */

/* Begin PBXSourcesBuildPhase section */
		95F38DCE2F762FC5003DD120 /* Sources */ = {
			isa = PBXSourcesBuildPhase;
			buildActionMask = 2147483647;
			files = (
			);
			runOnlyForDeploymentPostprocessing = 0;
		};
		95F38DDE2F762FC7003DD120 /* Sources */ = {
			isa = PBXSourcesBuildPhase;
			buildActionMask = 2147483647;
			files = (
			);
			runOnlyForDeploymentPostprocessing = 0;
		};
		95F38DE82F762FC7003DD120 /* Sources */ = {
			isa = PBXSourcesBuildPhase;
			buildActionMask = 2147483647;
			files = (
			);
			runOnlyForDeploymentPostprocessing = 0;
		};
/* End PBXSourcesBuildPhase section */

/* Begin PBXTargetDependency section */
		95F38DE42F762FC7003DD120 /* PBXTargetDependency */ = {
			isa = PBXTargetDependency;
			target = 95F38DD12F762FC5003DD120 /* CocoaChat */;
			targetProxy = 95F38DE32F762FC7003DD120 /* PBXContainerItemProxy */;
		};
		95F38DEE2F762FC7003DD120 /* PBXTargetDependency */ = {
			isa = PBXTargetDependency;
			target = 95F38DD12F762FC5003DD120 /* CocoaChat */;
			targetProxy = 95F38DED2F762FC7003DD120 /* PBXContainerItemProxy */;
		};
/* End PBXTargetDependency section */

/* Begin XCBuildConfiguration section */
		95F38DF42F762FC7003DD120 /* Debug */ = {
			isa = XCBuildConfiguration;
			buildSettings = {
				ALWAYS_SEARCH_USER_PATHS = NO;
				ASSETCATALOG_COMPILER_GENERATE_SWIFT_ASSET_SYMBOL_EXTENSIONS = YES;
				CLANG_ANALYZER_NONNULL = YES;
				CLANG_ANALYZER_NUMBER_OBJECT_CONVERSION = YES_AGGRESSIVE;
				CLANG_CXX_LANGUAGE_STANDARD = "gnu++20";
				CLANG_ENABLE_MODULES = YES;
				CLANG_ENABLE_OBJC_ARC = YES;
				CLANG_ENABLE_OBJC_WEAK = YES;
				CLANG_WARN_BLOCK_CAPTURE_AUTORELEASING = YES;
				CLANG_WARN_BOOL_CONVERSION = YES;
				CLANG_WARN_COMMA = YES;
				CLANG_WARN_CONSTANT_CONVERSION = YES;
				CLANG_WARN_DEPRECATED_OBJC_IMPLEMENTATIONS = YES;
				CLANG_WARN_DIRECT_OBJC_ISA_USAGE = YES_ERROR;
				CLANG_WARN_DOCUMENTATION_COMMENTS = YES;
				CLANG_WARN_EMPTY_BODY = YES;
				CLANG_WARN_ENUM_CONVERSION = YES;
				CLANG_WARN_INFINITE_RECURSION = YES;
				CLANG_WARN_INT_CONVERSION = YES;
				CLANG_WARN_NON_LITERAL_NULL_CONVERSION = YES;
				CLANG_WARN_OBJC_IMPLICIT_RETAIN_SELF = YES;
				CLANG_WARN_OBJC_LITERAL_CONVERSION = YES;
				CLANG_WARN_OBJC_ROOT_CLASS = YES_ERROR;
				CLANG_WARN_QUOTED_INCLUDE_IN_FRAMEWORK_HEADER = YES;
				CLANG_WARN_RANGE_LOOP_ANALYSIS = YES;
				CLANG_WARN_STRICT_PROTOTYPES = YES;
				CLANG_WARN_SUSPICIOUS_MOVE = YES;
				CLANG_WARN_UNGUARDED_AVAILABILITY = YES_AGGRESSIVE;
				CLANG_WARN_UNREACHABLE_CODE = YES;
				CLANG_WARN__DUPLICATE_METHOD_MATCH = YES;
				COPY_PHASE_STRIP = NO;
				DEBUG_INFORMATION_FORMAT = dwarf;
				ENABLE_STRICT_OBJC_MSGSEND = YES;
				ENABLE_TESTABILITY = YES;
				ENABLE_USER_SCRIPT_SANDBOXING = YES;
				GCC_C_LANGUAGE_STANDARD = gnu17;
				GCC_DYNAMIC_NO_PIC = NO;
				GCC_NO_COMMON_BLOCKS = YES;
				GCC_OPTIMIZATION_LEVEL = 0;
				GCC_PREPROCESSOR_DEFINITIONS = (
					"DEBUG=1",
					"$(inherited)",
				);
				GCC_WARN_64_TO_32_BIT_CONVERSION = YES;
				GCC_WARN_ABOUT_RETURN_TYPE = YES_ERROR;
				GCC_WARN_UNDECLARED_SELECTOR = YES;
				GCC_WARN_UNINITIALIZED_AUTOS = YES_AGGRESSIVE;
				GCC_WARN_UNUSED_FUNCTION = YES;
				GCC_WARN_UNUSED_VARIABLE = YES;
				IPHONEOS_DEPLOYMENT_TARGET = 18.0;
				LOCALIZATION_PREFERS_STRING_CATALOGS = YES;
				MTL_ENABLE_DEBUG_INFO = INCLUDE_SOURCE;
				MTL_FAST_MATH = YES;
				ONLY_ACTIVE_ARCH = YES;
				SDKROOT = iphoneos;
				SWIFT_ACTIVE_COMPILATION_CONDITIONS = "DEBUG $(inherited)";
				SWIFT_OPTIMIZATION_LEVEL = "-Onone";
			};
			name = Debug;
		};
		95F38DF52F762FC7003DD120 /* Release */ = {
			isa = XCBuildConfiguration;
			buildSettings = {
				ALWAYS_SEARCH_USER_PATHS = NO;
				ASSETCATALOG_COMPILER_GENERATE_SWIFT_ASSET_SYMBOL_EXTENSIONS = YES;
				CLANG_ANALYZER_NONNULL = YES;
				CLANG_ANALYZER_NUMBER_OBJECT_CONVERSION = YES_AGGRESSIVE;
				CLANG_CXX_LANGUAGE_STANDARD = "gnu++20";
				CLANG_ENABLE_MODULES = YES;
				CLANG_ENABLE_OBJC_ARC = YES;
				CLANG_ENABLE_OBJC_WEAK = YES;
				CLANG_WARN_BLOCK_CAPTURE_AUTORELEASING = YES;
				CLANG_WARN_BOOL_CONVERSION = YES;
				CLANG_WARN_COMMA = YES;
				CLANG_WARN_CONSTANT_CONVERSION = YES;
				CLANG_WARN_DEPRECATED_OBJC_IMPLEMENTATIONS = YES;
				CLANG_WARN_DIRECT_OBJC_ISA_USAGE = YES_ERROR;
				CLANG_WARN_DOCUMENTATION_COMMENTS = YES;
				CLANG_WARN_EMPTY_BODY = YES;
				CLANG_WARN_ENUM_CONVERSION = YES;
				CLANG_WARN_INFINITE_RECURSION = YES;
				CLANG_WARN_INT_CONVERSION = YES;
				CLANG_WARN_NON_LITERAL_NULL_CONVERSION = YES;
				CLANG_WARN_OBJC_IMPLICIT_RETAIN_SELF = YES;
				CLANG_WARN_OBJC_LITERAL_CONVERSION = YES;
				CLANG_WARN_OBJC_ROOT_CLASS = YES_ERROR;
				CLANG_WARN_QUOTED_INCLUDE_IN_FRAMEWORK_HEADER = YES;
				CLANG_WARN_RANGE_LOOP_ANALYSIS = YES;
				CLANG_WARN_STRICT_PROTOTYPES = YES;
				CLANG_WARN_SUSPICIOUS_MOVE = YES;
				CLANG_WARN_UNGUARDED_AVAILABILITY = YES_AGGRESSIVE;
				CLANG_WARN_UNREACHABLE_CODE = YES;
				CLANG_WARN__DUPLICATE_METHOD_MATCH = YES;
				COPY_PHASE_STRIP = NO;
				DEBUG_INFORMATION_FORMAT = "dwarf-with-dsym";
				ENABLE_NS_ASSERTIONS = NO;
				ENABLE_STRICT_OBJC_MSGSEND = YES;
				ENABLE_USER_SCRIPT_SANDBOXING = YES;
				GCC_C_LANGUAGE_STANDARD = gnu17;
				GCC_NO_COMMON_BLOCKS = YES;
				GCC_WARN_64_TO_32_BIT_CONVERSION = YES;
				GCC_WARN_ABOUT_RETURN_TYPE = YES_ERROR;
				GCC_WARN_UNDECLARED_SELECTOR = YES;
				GCC_WARN_UNINITIALIZED_AUTOS = YES_AGGRESSIVE;
				GCC_WARN_UNUSED_FUNCTION = YES;
				GCC_WARN_UNUSED_VARIABLE = YES;
				IPHONEOS_DEPLOYMENT_TARGET = 18.0;
				LOCALIZATION_PREFERS_STRING_CATALOGS = YES;
				MTL_ENABLE_DEBUG_INFO = NO;
				MTL_FAST_MATH = YES;
				SDKROOT = iphoneos;
				SWIFT_COMPILATION_MODE = wholemodule;
				VALIDATE_PRODUCT = YES;
			};
			name = Release;
		};
		95F38DF72F762FC7003DD120 /* Debug */ = {
			isa = XCBuildConfiguration;
			buildSettings = {
				ASSETCATALOG_COMPILER_APPICON_NAME = AppIcon;
				ASSETCATALOG_COMPILER_GLOBAL_ACCENT_COLOR_NAME = AccentColor;
				CODE_SIGN_IDENTITY = "Apple Development";
				CODE_SIGN_STYLE = Automatic;
				CURRENT_PROJECT_VERSION = 1;
				DEVELOPMENT_ASSET_PATHS = "\"CocoaChat/Preview Content\"";
				DEVELOPMENT_TEAM = CUY73ZUT6B;
				ENABLE_PREVIEWS = YES;
				GENERATE_INFOPLIST_FILE = YES;
				INFOPLIST_KEY_UIApplicationSceneManifest_Generation = YES;
				INFOPLIST_KEY_UIApplicationSupportsIndirectInputEvents = YES;
				INFOPLIST_KEY_UILaunchScreen_Generation = YES;
				INFOPLIST_KEY_UISupportedInterfaceOrientations_iPad = "UIInterfaceOrientationPortrait UIInterfaceOrientationPortraitUpsideDown UIInterfaceOrientationLandscapeLeft UIInterfaceOrientationLandscapeRight";
				INFOPLIST_KEY_UISupportedInterfaceOrientations_iPhone = "UIInterfaceOrientationPortrait UIInterfaceOrientationLandscapeLeft UIInterfaceOrientationLandscapeRight";
				LD_RUNPATH_SEARCH_PATHS = (
					"$(inherited)",
					"@executable_path/Frameworks",
				);
				MARKETING_VERSION = 1.0;
				PRODUCT_BUNDLE_IDENTIFIER = jimmy.macedo.CocoaChat;
				PRODUCT_NAME = "$(TARGET_NAME)";
				PROVISIONING_PROFILE_SPECIFIER = "";
				SWIFT_EMIT_LOC_STRINGS = YES;
				SWIFT_VERSION = 5.0;
				TARGETED_DEVICE_FAMILY = "1,2";
			};
			name = Debug;
		};
		95F38DF82F762FC7003DD120 /* Release */ = {
			isa = XCBuildConfiguration;
			buildSettings = {
				ASSETCATALOG_COMPILER_APPICON_NAME = AppIcon;
				ASSETCATALOG_COMPILER_GLOBAL_ACCENT_COLOR_NAME = AccentColor;
				CODE_SIGN_IDENTITY = "Apple Development";
				CODE_SIGN_STYLE = Automatic;
				CURRENT_PROJECT_VERSION = 1;
				DEVELOPMENT_ASSET_PATHS = "\"CocoaChat/Preview Content\"";
				DEVELOPMENT_TEAM = CUY73ZUT6B;
				ENABLE_PREVIEWS = YES;
				GENERATE_INFOPLIST_FILE = YES;
				INFOPLIST_KEY_UIApplicationSceneManifest_Generation = YES;
				INFOPLIST_KEY_UIApplicationSupportsIndirectInputEvents = YES;
				INFOPLIST_KEY_UILaunchScreen_Generation = YES;
				INFOPLIST_KEY_UISupportedInterfaceOrientations_iPad = "UIInterfaceOrientationPortrait UIInterfaceOrientationPortraitUpsideDown UIInterfaceOrientationLandscapeLeft UIInterfaceOrientationLandscapeRight";
				INFOPLIST_KEY_UISupportedInterfaceOrientations_iPhone = "UIInterfaceOrientationPortrait UIInterfaceOrientationLandscapeLeft UIInterfaceOrientationLandscapeRight";
				LD_RUNPATH_SEARCH_PATHS = (
					"$(inherited)",
					"@executable_path/Frameworks",
				);
				MARKETING_VERSION = 1.0;
				PRODUCT_BUNDLE_IDENTIFIER = jimmy.macedo.CocoaChat;
				PRODUCT_NAME = "$(TARGET_NAME)";
				PROVISIONING_PROFILE_SPECIFIER = "";
				SWIFT_EMIT_LOC_STRINGS = YES;
				SWIFT_VERSION = 5.0;
				TARGETED_DEVICE_FAMILY = "1,2";
			};
			name = Release;
		};
		95F38DFA2F762FC7003DD120 /* Debug */ = {
			isa = XCBuildConfiguration;
			buildSettings = {
				BUNDLE_LOADER = "$(TEST_HOST)";
				CODE_SIGN_STYLE = Automatic;
				CURRENT_PROJECT_VERSION = 1;
				GENERATE_INFOPLIST_FILE = YES;
				IPHONEOS_DEPLOYMENT_TARGET = 18.0;
				MARKETING_VERSION = 1.0;
				PRODUCT_BUNDLE_IDENTIFIER = jimmy.macedo.CocoaChatTests;
				PRODUCT_NAME = "$(TARGET_NAME)";
				SWIFT_EMIT_LOC_STRINGS = NO;
				SWIFT_VERSION = 5.0;
				TARGETED_DEVICE_FAMILY = "1,2";
				TEST_HOST = "$(BUILT_PRODUCTS_DIR)/CocoaChat.app/$(BUNDLE_EXECUTABLE_FOLDER_PATH)/CocoaChat";
			};
			name = Debug;
		};
		95F38DFB2F762FC7003DD120 /* Release */ = {
			isa = XCBuildConfiguration;
			buildSettings = {
				BUNDLE_LOADER = "$(TEST_HOST)";
				CODE_SIGN_STYLE = Automatic;
				CURRENT_PROJECT_VERSION = 1;
				GENERATE_INFOPLIST_FILE = YES;
				IPHONEOS_DEPLOYMENT_TARGET = 18.0;
				MARKETING_VERSION = 1.0;
				PRODUCT_BUNDLE_IDENTIFIER = jimmy.macedo.CocoaChatTests;
				PRODUCT_NAME = "$(TARGET_NAME)";
				SWIFT_EMIT_LOC_STRINGS = NO;
				SWIFT_VERSION = 5.0;
				TARGETED_DEVICE_FAMILY = "1,2";
				TEST_HOST = "$(BUILT_PRODUCTS_DIR)/CocoaChat.app/$(BUNDLE_EXECUTABLE_FOLDER_PATH)/CocoaChat";
			};
			name = Release;
		};
		95F38DFD2F762FC7003DD120 /* Debug */ = {
			isa = XCBuildConfiguration;
			buildSettings = {
				CODE_SIGN_STYLE = Automatic;
				CURRENT_PROJECT_VERSION = 1;
				GENERATE_INFOPLIST_FILE = YES;
				MARKETING_VERSION = 1.0;
				PRODUCT_BUNDLE_IDENTIFIER = jimmy.macedo.CocoaChatUITests;
				PRODUCT_NAME = "$(TARGET_NAME)";
				SWIFT_EMIT_LOC_STRINGS = NO;
				SWIFT_VERSION = 5.0;
				TARGETED_DEVICE_FAMILY = "1,2";
				TEST_TARGET_NAME = CocoaChat;
			};
			name = Debug;
		};
		95F38DFE2F762FC7003DD120 /* Release */ = {
			isa = XCBuildConfiguration;
			buildSettings = {
				CODE_SIGN_STYLE = Automatic;
				CURRENT_PROJECT_VERSION = 1;
				GENERATE_INFOPLIST_FILE = YES;
				MARKETING_VERSION = 1.0;
				PRODUCT_BUNDLE_IDENTIFIER = jimmy.macedo.CocoaChatUITests;
				PRODUCT_NAME = "$(TARGET_NAME)";
				SWIFT_EMIT_LOC_STRINGS = NO;
				SWIFT_VERSION = 5.0;
				TARGETED_DEVICE_FAMILY = "1,2";
				TEST_TARGET_NAME = CocoaChat;
			};
			name = Release;
		};
/* End XCBuildConfiguration section */

/* Begin XCConfigurationList section */
		95F38DCD2F762FC5003DD120 /* Build configuration list for PBXProject "CocoaChat" */ = {
			isa = XCConfigurationList;
			buildConfigurations = (
				95F38DF42F762FC7003DD120 /* Debug */,
				95F38DF52F762FC7003DD120 /* Release */,
			);
			defaultConfigurationIsVisible = 0;
			defaultConfigurationName = Release;
		};
		95F38DF62F762FC7003DD120 /* Build configuration list for PBXNativeTarget "CocoaChat" */ = {
			isa = XCConfigurationList;
			buildConfigurations = (
				95F38DF72F762FC7003DD120 /* Debug */,
				95F38DF82F762FC7003DD120 /* Release */,
			);
			defaultConfigurationIsVisible = 0;
			defaultConfigurationName = Release;
		};
		95F38DF92F762FC7003DD120 /* Build configuration list for PBXNativeTarget "CocoaChatTests" */ = {
			isa = XCConfigurationList;
			buildConfigurations = (
				95F38DFA2F762FC7003DD120 /* Debug */,
				95F38DFB2F762FC7003DD120 /* Release */,
			);
			defaultConfigurationIsVisible = 0;
			defaultConfigurationName = Release;
		};
		95F38DFC2F762FC7003DD120 /* Build configuration list for PBXNativeTarget "CocoaChatUITests" */ = {
			isa = XCConfigurationList;
			buildConfigurations = (
				95F38DFD2F762FC7003DD120 /* Debug */,
				95F38DFE2F762FC7003DD120 /* Release */,
			);
			defaultConfigurationIsVisible = 0;
			defaultConfigurationName = Release;
		};
/* End XCConfigurationList section */

/* Begin XCRemoteSwiftPackageReference section */
		95F38DFF2F763017003DD120 /* XCRemoteSwiftPackageReference "CocoaLM" */ = {
			isa = XCRemoteSwiftPackageReference;
			repositoryURL = "https://github.com/JimmyDevCode/CocoaLM.git";
			requirement = {
				kind = upToNextMajorVersion;
				minimumVersion = 0.1.1;
			};
		};
/* End XCRemoteSwiftPackageReference section */

/* Begin XCSwiftPackageProductDependency section */
		95F38E002F763017003DD120 /* CocoaLM */ = {
			isa = XCSwiftPackageProductDependency;
			package = 95F38DFF2F763017003DD120 /* XCRemoteSwiftPackageReference "CocoaLM" */;
			productName = CocoaLM;
		};
/* End XCSwiftPackageProductDependency section */
	};
	rootObject = 95F38DCA2F762FC5003DD120 /* Project object */;
}
